
Microsoft Visual Studio Solution File, Format Version 12.00
# Visual Studio Version 17
VisualStudioVersion = 17.8.34316.72
MinimumVisualStudioVersion = 10.0.40219.1
Project("{FAE04EC0-301F-11D3-BF4B-00C04F79EFBC}") = "ConsoleApp5", "ConsoleApp5\ConsoleApp5.csproj", "{E746452F-C71E-456B-9035-97D373F217DB}"
EndProject
Global
	GlobalSection(SolutionConfigurationPlatforms) = preSolution
		Debug|Any CPU = Debug|Any CPU
		Release|Any CPU = Release|Any CPU
	EndGlobalSection
	GlobalSection(ProjectConfigurationPlatforms) = postSolution
		{E746452F-C71E-456B-9035-97D373F217DB}.Debug|Any CPU.ActiveCfg = Debug|Any CPU
		{E746452F-C71E-456B-9035-97D373F217DB}.Debug|Any CPU.Build.0 = Debug|Any CPU
		{E746452F-C71E-456B-9035-97D373F217DB}.Release|Any CPU.ActiveCfg = Release|Any CPU
		{E746452F-C71E-456B-9035-97D373F217DB}.Release|Any CPU.Build.0 = Release|Any CPU
	EndGlobalSection
	GlobalSection(SolutionProperties) = preSolution
		HideSolutionNode = FALSE
	EndGlobalSection
	GlobalSection(ExtensibilityGlobals) = postSolution
		SolutionGuid = {EA22D61B-78F6-4DC7-8A61-83780C95D1E4}
	EndGlobalSection
EndGlobal
